
Microsoft Visual Studio Solution File, Format Version 12.00
# Visual Studio 15
VisualStudioVersion = 15.0.27130.2027
MinimumVisualStudioVersion = 10.0.40219.1
Project("{FAE04EC0-301F-11D3-BF4B-00C04F79EFBC}") = "Altkom.CSharp.HelloWorld", "Altkom.CSharp.HelloWorld\Altkom.CSharp.HelloWorld.csproj", "{5A28C37E-4934-4D20-B22B-3DF3BC23FB8C}"
EndProject
Project("{FAE04EC0-301F-11D3-BF4B-00C04F79EFBC}") = "Alktom.CSharp.RentSystem.ConsoleClient", "Alktom.CSharp.RentSystem.ConsoleClient\Alktom.CSharp.RentSystem.ConsoleClient.csproj", "{00AD0892-61D2-425E-81CB-A22D0EF8886C}"
EndProject
Project("{FAE04EC0-301F-11D3-BF4B-00C04F79EFBC}") = "Altkom.CSharp.RentSystem.Models", "Altkom.CSharp.RentSystem.Models\Altkom.CSharp.RentSystem.Models.csproj", "{0B8DF167-9A5E-4E6C-ADB6-C4768CEAC91B}"
EndProject
Project("{FAE04EC0-301F-11D3-BF4B-00C04F79EFBC}") = "Altkom.CSharp.RentSystem.Calculators", "Altkom.CSharp.RentSystem.Calculators\Altkom.CSharp.RentSystem.Calculators.csproj", "{7419705D-03B9-4EE2-9867-7236ED34CD6E}"
EndProject
Global
	GlobalSection(SolutionConfigurationPlatforms) = preSolution
		Debug|Any CPU = Debug|Any CPU
		Release|Any CPU = Release|Any CPU
	EndGlobalSection
	GlobalSection(ProjectConfigurationPlatforms) = postSolution
		{5A28C37E-4934-4D20-B22B-3DF3BC23FB8C}.Debug|Any CPU.ActiveCfg = Debug|Any CPU
		{5A28C37E-4934-4D20-B22B-3DF3BC23FB8C}.Debug|Any CPU.Build.0 = Debug|Any CPU
		{5A28C37E-4934-4D20-B22B-3DF3BC23FB8C}.Release|Any CPU.ActiveCfg = Release|Any CPU
		{5A28C37E-4934-4D20-B22B-3DF3BC23FB8C}.Release|Any CPU.Build.0 = Release|Any CPU
		{00AD0892-61D2-425E-81CB-A22D0EF8886C}.Debug|Any CPU.ActiveCfg = Debug|Any CPU
		{00AD0892-61D2-425E-81CB-A22D0EF8886C}.Debug|Any CPU.Build.0 = Debug|Any CPU
		{00AD0892-61D2-425E-81CB-A22D0EF8886C}.Release|Any CPU.ActiveCfg = Release|Any CPU
		{00AD0892-61D2-425E-81CB-A22D0EF8886C}.Release|Any CPU.Build.0 = Release|Any CPU
		{0B8DF167-9A5E-4E6C-ADB6-C4768CEAC91B}.Debug|Any CPU.ActiveCfg = Debug|Any CPU
		{0B8DF167-9A5E-4E6C-ADB6-C4768CEAC91B}.Debug|Any CPU.Build.0 = Debug|Any CPU
		{0B8DF167-9A5E-4E6C-ADB6-C4768CEAC91B}.Release|Any CPU.ActiveCfg = Release|Any CPU
		{0B8DF167-9A5E-4E6C-ADB6-C4768CEAC91B}.Release|Any CPU.Build.0 = Release|Any CPU
		{7419705D-03B9-4EE2-9867-7236ED34CD6E}.Debug|Any CPU.ActiveCfg = Debug|Any CPU
		{7419705D-03B9-4EE2-9867-7236ED34CD6E}.Debug|Any CPU.Build.0 = Debug|Any CPU
		{7419705D-03B9-4EE2-9867-7236ED34CD6E}.Release|Any CPU.ActiveCfg = Release|Any CPU
		{7419705D-03B9-4EE2-9867-7236ED34CD6E}.Release|Any CPU.Build.0 = Release|Any CPU
	EndGlobalSection
	GlobalSection(SolutionProperties) = preSolution
		HideSolutionNode = FALSE
	EndGlobalSection
	GlobalSection(ExtensibilityGlobals) = postSolution
		SolutionGuid = {1066C7DB-C65A-4813-A708-6B881A5DAB28}
	EndGlobalSection
EndGlobal
