
Microsoft Visual Studio Solution File, Format Version 12.00
# Visual Studio 15
VisualStudioVersion = 15.0.27130.2027
MinimumVisualStudioVersion = 10.0.40219.1
Project("{FAE04EC0-301F-11D3-BF4B-00C04F79EFBC}") = "Altkom.CSharp.HelloWorld", "Altkom.CSharp.HelloWorld\Altkom.CSharp.HelloWorld.csproj", "{5A28C37E-4934-4D20-B22B-3DF3BC23FB8C}"
EndProject
Project("{FAE04EC0-301F-11D3-BF4B-00C04F79EFBC}") = "Alktom.CSharp.RentSystem.ConsoleClient", "Alktom.CSharp.RentSystem.ConsoleClient\Alktom.CSharp.RentSystem.ConsoleClient.csproj", "{00AD0892-61D2-425E-81CB-A22D0EF8886C}"
EndProject
Project("{FAE04EC0-301F-11D3-BF4B-00C04F79EFBC}") = "Altkom.CSharp.RentSystem.Models", "Altkom.CSharp.RentSystem.Models\Altkom.CSharp.RentSystem.Models.csproj", "{0B8DF167-9A5E-4E6C-ADB6-C4768CEAC91B}"
EndProject
Project("{FAE04EC0-301F-11D3-BF4B-00C04F79EFBC}") = "Altkom.CSharp.RentSystem.Calculators", "Altkom.CSharp.RentSystem.Calculators\Altkom.CSharp.RentSystem.Calculators.csproj", "{7419705D-03B9-4EE2-9867-7236ED34CD6E}"
EndProject
Project("{FAE04EC0-301F-11D3-BF4B-00C04F79EFBC}") = "Altkom.CSharp.RentSystem.UnitTests", "Altkom.CSharp.RentSystem.UnitTests\Altkom.CSharp.RentSystem.UnitTests.csproj", "{D86309A3-A626-47B6-8F8A-B296A6F29AF7}"
EndProject
Project("{FAE04EC0-301F-11D3-BF4B-00C04F79EFBC}") = "Altkom.CSharp.RentSystem.IServices", "Altkom.CSharp.RentSystem.IServices\Altkom.CSharp.RentSystem.IServices.csproj", "{E9F74A39-58AE-4ABD-ABF5-0228926D2F19}"
EndProject
Project("{FAE04EC0-301F-11D3-BF4B-00C04F79EFBC}") = "Altkom.CSharp.RentSystem.MockServices", "Altkom.CSharp.RentSystem.MockServices\Altkom.CSharp.RentSystem.MockServices.csproj", "{F2717C21-590C-487E-9318-1602CC8AA732}"
EndProject
Project("{FAE04EC0-301F-11D3-BF4B-00C04F79EFBC}") = "Altkom.CSharp.RentSystem.DbServices", "Altkom.CSharp.RentSystem.DbServices\Altkom.CSharp.RentSystem.DbServices.csproj", "{5DCCFDA8-8552-42F7-BC53-C8A385BD1140}"
EndProject
Global
	GlobalSection(SolutionConfigurationPlatforms) = preSolution
		Debug|Any CPU = Debug|Any CPU
		Release|Any CPU = Release|Any CPU
	EndGlobalSection
	GlobalSection(ProjectConfigurationPlatforms) = postSolution
		{5A28C37E-4934-4D20-B22B-3DF3BC23FB8C}.Debug|Any CPU.ActiveCfg = Debug|Any CPU
		{5A28C37E-4934-4D20-B22B-3DF3BC23FB8C}.Debug|Any CPU.Build.0 = Debug|Any CPU
		{5A28C37E-4934-4D20-B22B-3DF3BC23FB8C}.Release|Any CPU.ActiveCfg = Release|Any CPU
		{5A28C37E-4934-4D20-B22B-3DF3BC23FB8C}.Release|Any CPU.Build.0 = Release|Any CPU
		{00AD0892-61D2-425E-81CB-A22D0EF8886C}.Debug|Any CPU.ActiveCfg = Debug|Any CPU
		{00AD0892-61D2-425E-81CB-A22D0EF8886C}.Debug|Any CPU.Build.0 = Debug|Any CPU
		{00AD0892-61D2-425E-81CB-A22D0EF8886C}.Release|Any CPU.ActiveCfg = Release|Any CPU
		{00AD0892-61D2-425E-81CB-A22D0EF8886C}.Release|Any CPU.Build.0 = Release|Any CPU
		{0B8DF167-9A5E-4E6C-ADB6-C4768CEAC91B}.Debug|Any CPU.ActiveCfg = Debug|Any CPU
		{0B8DF167-9A5E-4E6C-ADB6-C4768CEAC91B}.Debug|Any CPU.Build.0 = Debug|Any CPU
		{0B8DF167-9A5E-4E6C-ADB6-C4768CEAC91B}.Release|Any CPU.ActiveCfg = Release|Any CPU
		{0B8DF167-9A5E-4E6C-ADB6-C4768CEAC91B}.Release|Any CPU.Build.0 = Release|Any CPU
		{7419705D-03B9-4EE2-9867-7236ED34CD6E}.Debug|Any CPU.ActiveCfg = Debug|Any CPU
		{7419705D-03B9-4EE2-9867-7236ED34CD6E}.Debug|Any CPU.Build.0 = Debug|Any CPU
		{7419705D-03B9-4EE2-9867-7236ED34CD6E}.Release|Any CPU.ActiveCfg = Release|Any CPU
		{7419705D-03B9-4EE2-9867-7236ED34CD6E}.Release|Any CPU.Build.0 = Release|Any CPU
		{D86309A3-A626-47B6-8F8A-B296A6F29AF7}.Debug|Any CPU.ActiveCfg = Debug|Any CPU
		{D86309A3-A626-47B6-8F8A-B296A6F29AF7}.Debug|Any CPU.Build.0 = Debug|Any CPU
		{D86309A3-A626-47B6-8F8A-B296A6F29AF7}.Release|Any CPU.ActiveCfg = Release|Any CPU
		{D86309A3-A626-47B6-8F8A-B296A6F29AF7}.Release|Any CPU.Build.0 = Release|Any CPU
		{E9F74A39-58AE-4ABD-ABF5-0228926D2F19}.Debug|Any CPU.ActiveCfg = Debug|Any CPU
		{E9F74A39-58AE-4ABD-ABF5-0228926D2F19}.Debug|Any CPU.Build.0 = Debug|Any CPU
		{E9F74A39-58AE-4ABD-ABF5-0228926D2F19}.Release|Any CPU.ActiveCfg = Release|Any CPU
		{E9F74A39-58AE-4ABD-ABF5-0228926D2F19}.Release|Any CPU.Build.0 = Release|Any CPU
		{F2717C21-590C-487E-9318-1602CC8AA732}.Debug|Any CPU.ActiveCfg = Debug|Any CPU
		{F2717C21-590C-487E-9318-1602CC8AA732}.Debug|Any CPU.Build.0 = Debug|Any CPU
		{F2717C21-590C-487E-9318-1602CC8AA732}.Release|Any CPU.ActiveCfg = Release|Any CPU
		{F2717C21-590C-487E-9318-1602CC8AA732}.Release|Any CPU.Build.0 = Release|Any CPU
		{5DCCFDA8-8552-42F7-BC53-C8A385BD1140}.Debug|Any CPU.ActiveCfg = Debug|Any CPU
		{5DCCFDA8-8552-42F7-BC53-C8A385BD1140}.Debug|Any CPU.Build.0 = Debug|Any CPU
		{5DCCFDA8-8552-42F7-BC53-C8A385BD1140}.Release|Any CPU.ActiveCfg = Release|Any CPU
		{5DCCFDA8-8552-42F7-BC53-C8A385BD1140}.Release|Any CPU.Build.0 = Release|Any CPU
	EndGlobalSection
	GlobalSection(SolutionProperties) = preSolution
		HideSolutionNode = FALSE
	EndGlobalSection
	GlobalSection(ExtensibilityGlobals) = postSolution
		SolutionGuid = {1066C7DB-C65A-4813-A708-6B881A5DAB28}
	EndGlobalSection
EndGlobal
